github.com/go-gl/gl v0.0.0-20190320180904-bf2b1f2f34d7 h1:SCYMcCJ89LjRGwEa0tRluNRiMjZHalQZrVrvTbPh+qw=
github.com/go-gl/gl v0.0.0-20190320180904-bf2b1f2f34d7/go.mod h1:482civXOzJJCPzJ4ZOX/pwvXBWSnzD4OKMdH4ClKGbk=
github.com/go-gl/glfw v0.0.0-20201108214237-06ea97f0c265 h1:y+9kl/LaBMwLfNwCg5BbnHIWBGKeYokXTSBhGnwWcB8=
github.com/go-gl/glfw/v3.3/glfw v0.0.0-20201108214237-06ea97f0c265 h1:BcbKYUZo/TKPsiSh7LymK3p+TNAJJW3OfGO/21sBbiA=
github.com/go-gl/glfw/v3.3/glfw v0.0.0-20201108214237-06ea97f0c265/go.mod h1:tQ2UAYgL5IevRw8kRxooKSPJfGvJ9fJQFa0TUsXzTg8=
github.com/go-gl/mathgl v1.0.0 h1:t9DznWJlXxxjeeKLIdovCOVJQk/GzDEL7h/h+Ro2B68=
github.com/go-gl/mathgl v1.0.0/go.mod h1:yhpkQzEiH9yPyxDUGzkmgScbaBVlhC06qodikEM0ZwQ=
github.com/nfnt/resize v0.0.0-20180221191011-83c6a9932646 h1:zYyBkD/k9seD2A7fsi6Oo2LfFZAehjjQMERAvZLEDnQ=
github.com/nfnt/resize v0.0.0-20180221191011-83c6a9932646/go.mod h1:jpp1/29i3P1S/RLdc7JQKbRpFeM1dOBd8T9ki5s+AY8=
golang.org/x/image v0.0.0-20190321063152-3fc05d484e9f h1:FO4MZ3N56GnxbqxGKqh+YTzUWQ2sDwtFQEZgLOxh9Jc=
golang.org/x/image v0.0.0-20190321063152-3fc05d484e9f/go.mod h1:kZ7UVZpmo3dzQBMxlp+ypCbDeSB+sBbTgSJuh5dn5js=
golang.org/x/text v0.3.0/go.mod h1:NqM8EUOU14njkJ3fqMW+pc6Ldnwhi/IjpwHt7yyuwOQ=
